# THIS IS AN AUTOGENERATED FILE. DO NOT EDIT THIS FILE DIRECTLY.
# yarn lockfile v1


"@types/cookie@^0.6.0":
  version "0.6.0"
  resolved "https://registry.yarnpkg.com/@types/cookie/-/cookie-0.6.0.tgz#eac397f28bf1d6ae0ae081363eca2f425bedf0d5"
  integrity sha512-4Kh9a6B2bQciAhf7FSuMRRkUWecJgJu9nPnx3yzpsfXX/c50REIqpHY4C82bXP90qrLtXtkDxTZosYO3UpOwlA==

"@types/node@^16.10.2":
  version "16.18.97"
  resolved "https://registry.yarnpkg.com/@types/node/-/node-16.18.97.tgz#d7926a8030f0d714d555b4550c0cc7731495cfe5"
  integrity sha512-4muilE1Lbfn57unR+/nT9AFjWk0MtWi5muwCEJqnOvfRQDbSfLCUdN7vCIg8TYuaANfhLOV85ve+FNpiUsbSRg==

cookie@^0.6.0:
  version "0.6.0"
  resolved "https://registry.yarnpkg.com/cookie/-/cookie-0.6.0.tgz#2798b04b071b0ecbff0dbb62a505a8efa4e19051"
  integrity sha512-U71cyTamuh1CRNCfpGY6to28lxvNwPG4Guz/EVjgf3Jmzv0vlDp1atT9eS5dDjMYHucpHbWns6Lwf3BKz6svdw==

cookies-next@^4.1.1:
  version "4.1.1"
  resolved "https://registry.yarnpkg.com/cookies-next/-/cookies-next-4.1.1.tgz#54498efe867bb5c1a47b5a99a7ea8563601c2413"
  integrity sha512-20QaN0iQSz87Os0BhNg9M71eM++gylT3N5szTlhq2rK6QvXn1FYGPB4eAgU4qFTunbQKhD35zfQ95ZWgzUy3Cg==
  dependencies:
    "@types/cookie" "^0.6.0"
    "@types/node" "^16.10.2"
    cookie "^0.6.0"
